# This file is automatically @generated by Cargo.
# It is not intended for manual editing.
version = 3

[[package]]
name = "aho-corasick"
version = "0.6.4"
source = "registry+https://github.com/rust-lang/crates.io-index"
checksum = "d6531d44de723825aa81398a6415283229725a00fa30713812ab9323faa82fc4"
dependencies = [
 "memchr",
]

[[package]]
name = "ansi_term"
version = "0.10.2"
source = "registry+https://github.com/rust-lang/crates.io-index"
checksum = "6b3568b48b7cefa6b8ce125f9bb4989e52fbcc29ebea88df04cc7c5f12f70455"

[[package]]
name = "atty"
version = "0.2.6"
source = "registry+https://github.com/rust-lang/crates.io-index"
checksum = "8352656fd42c30a0c3c89d26dea01e3b77c0ab2af18230835c15e2e13cd51859"
dependencies = [
 "libc",
 "termion",
 "winapi 0.3.4",
]

[[package]]
name = "backtrace"
version = "0.3.5"
source = "registry+https://github.com/rust-lang/crates.io-index"
checksum = "ebbbf59b1c43eefa8c3ede390fcc36820b4999f7914104015be25025e0d62af2"
dependencies = [
 "backtrace-sys",
 "cfg-if 0.1.2",
 "libc",
 "rustc-demangle",
 "winapi 0.3.4",
]

[[package]]
name = "backtrace-sys"
version = "0.1.16"
source = "registry+https://github.com/rust-lang/crates.io-index"
checksum = "44585761d6161b0f57afc49482ab6bd067e4edef48c12a152c237eb0203f7661"
dependencies = [
 "cc",
 "libc",
]

[[package]]
name = "bitflags"
version = "1.3.2"
source = "registry+https://github.com/rust-lang/crates.io-index"
checksum = "bef38d45163c2f1dde094a7dfd33ccf595c92905c8f8f4fdc18d06fb1037718a"

[[package]]
name = "byteorder"
version = "1.2.1"
source = "registry+https://github.com/rust-lang/crates.io-index"
checksum = "652805b7e73fada9d85e9a6682a4abd490cb52d96aeecc12e33a0de34dfd0d23"

[[package]]
name = "cast"
version = "0.2.2"
source = "registry+https://github.com/rust-lang/crates.io-index"
checksum = "926013f2860c46252efceabb19f4a6b308197505082c609025aa6706c011d427"

[[package]]
name = "cc"
version = "1.0.4"
source = "registry+https://github.com/rust-lang/crates.io-index"
checksum = "deaf9ec656256bb25b404c51ef50097207b9cbb29c933d31f92cae5a8a0ffee0"

[[package]]
name = "cfg-if"
version = "0.1.2"
source = "registry+https://github.com/rust-lang/crates.io-index"
checksum = "d4c819a1287eb618df47cc647173c5c4c66ba19d888a6e50d605672aed3140de"

[[package]]
name = "cfg-if"
version = "1.0.0"
source = "registry+https://github.com/rust-lang/crates.io-index"
checksum = "baf1de4339761588bc0619e3cbc0120ee582ebb74b53b4efbf79117bd2da40fd"

[[package]]
name = "chrono"
version = "0.4.0"
source = "registry+https://github.com/rust-lang/crates.io-index"
checksum = "7c20ebe0b2b08b0aeddba49c609fe7957ba2e33449882cb186a180bc60682fa9"
dependencies = [
 "num",
 "time",
]

[[package]]
name = "clap"
version = "2.29.2"
source = "registry+https://github.com/rust-lang/crates.io-index"
checksum = "4151c5790817c7d21bbdc6c3530811f798172915f93258244948b93ba19604a6"
dependencies = [
 "ansi_term",
 "atty",
 "bitflags",
 "strsim",
 "textwrap",
 "unicode-width",
 "vec_map",
]

[[package]]
name = "criterion"
version = "0.2.0"
source = "registry+https://github.com/rust-lang/crates.io-index"
checksum = "ab5d3fd4898f2a0034b3bd65b65a68cdba3c26286ccaf5461b18d26f58e512a3"
dependencies = [
 "clap",
 "criterion-plot",
 "criterion-stats",
 "failure",
 "failure_derive",
 "handlebars",
 "isatty",
 "itertools",
 "itertools-num",
 "log 0.3.9",
 "serde",
 "serde_derive",
 "serde_json",
 "simplelog 0.4.4",
]

[[package]]
name = "criterion-plot"
version = "0.2.0"
source = "registry+https://github.com/rust-lang/crates.io-index"
checksum = "bbfbe2e326c84218c34eacf423b43cf56c4ae32008755074abe6ff708c631814"
dependencies = [
 "byteorder",
 "cast",
 "itertools",
]

[[package]]
name = "criterion-stats"
version = "0.2.0"
source = "registry+https://github.com/rust-lang/crates.io-index"
checksum = "0ee00c9461382c11919d95702239902d7e4a15ef27ff1c46a2b5f5c2d79ddc11"
dependencies = [
 "cast",
 "num-traits",
 "num_cpus",
 "rand 0.3.22",
 "thread-scoped",
]

[[package]]
name = "debug_unreachable"
version = "0.1.1"
source = "registry+https://github.com/rust-lang/crates.io-index"
checksum = "9a032eac705ca39214d169f83e3d3da290af06d8d1d344d1baad2fd002dca4b3"
dependencies = [
 "unreachable 0.1.1",
]

[[package]]
name = "dirs"
version = "4.0.0"
source = "registry+https://github.com/rust-lang/crates.io-index"
checksum = "ca3aa72a6f96ea37bbc5aa912f6788242832f75369bdfdadcb0e38423f100059"
dependencies = [
 "dirs-sys",
]

[[package]]
name = "dirs-sys"
version = "0.3.6"
source = "registry+https://github.com/rust-lang/crates.io-index"
checksum = "03d86534ed367a67548dc68113a0f5db55432fdfbb6e6f9d77704397d95d5780"
dependencies = [
 "libc",
 "redox_users",
 "winapi 0.3.4",
]

[[package]]
name = "dtoa"
version = "0.4.2"
source = "registry+https://github.com/rust-lang/crates.io-index"
checksum = "09c3753c3db574d215cba4ea76018483895d7bff25a31b49ba45db21c48e50ab"

[[package]]
name = "either"
version = "1.4.0"
source = "registry+https://github.com/rust-lang/crates.io-index"
checksum = "740178ddf48b1a9e878e6d6509a1442a2d42fd2928aae8e7a6f8a36fb01981b3"

[[package]]
name = "emjc"
version = "0.1.0"
dependencies = [
 "clap",
 "criterion",
 "dirs",
 "env_logger",
 "failure",
 "itertools",
 "lazy_static",
 "log 0.4.1",
 "regex",
 "simplelog 0.5.0",
 "tendril",
 "uuid",
]

[[package]]
name = "env_logger"
version = "0.5.3"
source = "registry+https://github.com/rust-lang/crates.io-index"
checksum = "f15f0b172cb4f52ed5dbf47f774a387cd2315d1bf7894ab5af9b083ae27efa5a"
dependencies = [
 "atty",
 "chrono",
 "log 0.4.1",
 "regex",
 "termcolor",
]

[[package]]
name = "failure"
version = "0.1.1"
source = "registry+https://github.com/rust-lang/crates.io-index"
checksum = "934799b6c1de475a012a02dab0ace1ace43789ee4b99bcfbf1a2e3e8ced5de82"
dependencies = [
 "backtrace",
 "failure_derive",
]

[[package]]
name = "failure_derive"
version = "0.1.1"
source = "registry+https://github.com/rust-lang/crates.io-index"
checksum = "c7cdda555bb90c9bb67a3b670a0f42de8e73f5981524123ad8578aafec8ddb8b"
dependencies = [
 "quote",
 "syn",
 "synstructure",
]

[[package]]
name = "fuchsia-zircon"
version = "0.3.3"
source = "registry+https://github.com/rust-lang/crates.io-index"
checksum = "2e9763c69ebaae630ba35f74888db465e49e259ba1bc0eda7d06f4a067615d82"
dependencies = [
 "bitflags",
 "fuchsia-zircon-sys",
]

[[package]]
name = "fuchsia-zircon-sys"
version = "0.3.3"
source = "registry+https://github.com/rust-lang/crates.io-index"
checksum = "3dcaa9ae7725d12cdb85b3ad99a434db70b468c09ded17e012d86b5c1010f7a7"

[[package]]
name = "futf"
version = "0.1.3"
source = "registry+https://github.com/rust-lang/crates.io-index"
checksum = "51f93f3de6ba1794dcd5810b3546d004600a59a98266487c8407bc4b24e398f3"
dependencies = [
 "debug_unreachable",
 "mac",
]

[[package]]
name = "getrandom"
version = "0.2.5"
source = "registry+https://github.com/rust-lang/crates.io-index"
checksum = "d39cd93900197114fa1fcb7ae84ca742095eed9442088988ae74fa744e930e77"
dependencies = [
 "cfg-if 1.0.0",
 "libc",
 "wasi",
]

[[package]]
name = "handlebars"
version = "0.30.1"
source = "registry+https://github.com/rust-lang/crates.io-index"
checksum = "e201959d296716618ef11dfc9e5d244353207f427392b7d28631746ec02392ed"
dependencies = [
 "lazy_static",
 "log 0.4.1",
 "pest",
 "pest_derive",
 "quick-error",
 "regex",
 "serde",
 "serde_json",
]

[[package]]
name = "isatty"
version = "0.1.6"
source = "registry+https://github.com/rust-lang/crates.io-index"
checksum = "8f2a233726c7bb76995cec749d59582e5664823b7245d4970354408f1d79a7a2"
dependencies = [
 "kernel32-sys",
 "libc",
 "termion",
 "winapi 0.2.8",
]

[[package]]
name = "itertools"
version = "0.7.8"
source = "registry+https://github.com/rust-lang/crates.io-index"
checksum = "f58856976b776fedd95533137617a02fb25719f40e7d9b01c7043cd65474f450"
dependencies = [
 "either",
]

[[package]]
name = "itertools-num"
version = "0.1.1"
source = "registry+https://github.com/rust-lang/crates.io-index"
checksum = "4d78fa608383e6e608ba36f962ac991d5d6878d7203eb93b4711b14fa6717813"
dependencies = [
 "num-traits",
]

[[package]]
name = "itoa"
version = "0.3.4"
source = "registry+https://github.com/rust-lang/crates.io-index"
checksum = "8324a32baf01e2ae060e9de58ed0bc2320c9a2833491ee36cd3b4c414de4db8c"

[[package]]
name = "kernel32-sys"
version = "0.2.2"
source = "registry+https://github.com/rust-lang/crates.io-index"
checksum = "7507624b29483431c0ba2d82aece8ca6cdba9382bff4ddd0f7490560c056098d"
dependencies = [
 "winapi 0.2.8",
 "winapi-build",
]

[[package]]
name = "lazy_static"
version = "1.4.0"
source = "registry+https://github.com/rust-lang/crates.io-index"
checksum = "e2abad23fbc42b3700f2f279844dc832adb2b2eb069b2df918f455c4e18cc646"

[[package]]
name = "libc"
version = "0.2.119"
source = "registry+https://github.com/rust-lang/crates.io-index"
checksum = "1bf2e165bb3457c8e098ea76f3e3bc9db55f87aa90d52d0e6be741470916aaa4"

[[package]]
name = "log"
version = "0.3.9"
source = "registry+https://github.com/rust-lang/crates.io-index"
checksum = "e19e8d5c34a3e0e2223db8e060f9e8264aeeb5c5fc64a4ee9965c062211c024b"
dependencies = [
 "log 0.4.1",
]

[[package]]
name = "log"
version = "0.4.1"
source = "registry+https://github.com/rust-lang/crates.io-index"
checksum = "89f010e843f2b1a31dbd316b3b8d443758bc634bed37aabade59c686d644e0a2"
dependencies = [
 "cfg-if 0.1.2",
]

[[package]]
name = "mac"
version = "0.1.1"
source = "registry+https://github.com/rust-lang/crates.io-index"
checksum = "c41e0c4fef86961ac6d6f8a82609f55f31b05e4fce149ac5710e439df7619ba4"

[[package]]
name = "memchr"
version = "2.0.1"
source = "registry+https://github.com/rust-lang/crates.io-index"
checksum = "796fba70e76612589ed2ce7f45282f5af869e0fdd7cc6199fa1aa1f1d591ba9d"
dependencies = [
 "libc",
]

[[package]]
name = "num"
version = "0.1.41"
source = "registry+https://github.com/rust-lang/crates.io-index"
checksum = "cc4083e14b542ea3eb9b5f33ff48bd373a92d78687e74f4cc0a30caeb754f0ca"
dependencies = [
 "num-integer",
 "num-iter",
 "num-traits",
]

[[package]]
name = "num-integer"
version = "0.1.35"
source = "registry+https://github.com/rust-lang/crates.io-index"
checksum = "d1452e8b06e448a07f0e6ebb0bb1d92b8890eea63288c0b627331d53514d0fba"
dependencies = [
 "num-traits",
]

[[package]]
name = "num-iter"
version = "0.1.34"
source = "registry+https://github.com/rust-lang/crates.io-index"
checksum = "7485fcc84f85b4ecd0ea527b14189281cf27d60e583ae65ebc9c088b13dffe01"
dependencies = [
 "num-integer",
 "num-traits",
]

[[package]]
name = "num-traits"
version = "0.1.42"
source = "registry+https://github.com/rust-lang/crates.io-index"
checksum = "9936036cc70fe4a8b2d338ab665900323290efb03983c86cbe235ae800ad8017"

[[package]]
name = "num_cpus"
version = "1.8.0"
source = "registry+https://github.com/rust-lang/crates.io-index"
checksum = "c51a3322e4bca9d212ad9a158a02abc6934d005490c054a2778df73a70aa0a30"
dependencies = [
 "libc",
]

[[package]]
name = "pest"
version = "1.0.3"
source = "registry+https://github.com/rust-lang/crates.io-index"
checksum = "e1117ca38a751edc66a4cd9ca1b35644b7d00305971306e07e0d3befbc61e906"

[[package]]
name = "pest_derive"
version = "1.0.3"
source = "registry+https://github.com/rust-lang/crates.io-index"
checksum = "1debf85717cb8fa6bf2aad21fbbe888fda5797aae22d332cefec9ba79b6c7a33"
dependencies = [
 "pest",
 "quote",
 "syn",
]

[[package]]
name = "quick-error"
version = "1.2.1"
source = "registry+https://github.com/rust-lang/crates.io-index"
checksum = "eda5fe9b71976e62bc81b781206aaa076401769b2143379d3eb2118388babac4"

[[package]]
name = "quote"
version = "0.3.15"
source = "registry+https://github.com/rust-lang/crates.io-index"
checksum = "7a6e920b65c65f10b2ae65c831a81a073a89edd28c7cce89475bff467ab4167a"

[[package]]
name = "rand"
version = "0.3.22"
source = "registry+https://github.com/rust-lang/crates.io-index"
checksum = "15a732abf9d20f0ad8eeb6f909bf6868722d9a06e1e50802b6a70351f40b4eb1"
dependencies = [
 "fuchsia-zircon",
 "libc",
 "rand 0.4.2",
]

[[package]]
name = "rand"
version = "0.4.2"
source = "registry+https://github.com/rust-lang/crates.io-index"
checksum = "eba5f8cb59cc50ed56be8880a5c7b496bfd9bd26394e176bc67884094145c2c5"
dependencies = [
 "fuchsia-zircon",
 "libc",
 "winapi 0.3.4",
]

[[package]]
name = "redox_syscall"
version = "0.1.37"
source = "registry+https://github.com/rust-lang/crates.io-index"
checksum = "0d92eecebad22b767915e4d529f89f28ee96dbbf5a4810d2b844373f136417fd"

[[package]]
name = "redox_syscall"
version = "0.2.11"
source = "registry+https://github.com/rust-lang/crates.io-index"
checksum = "8380fe0152551244f0747b1bf41737e0f8a74f97a14ccefd1148187271634f3c"
dependencies = [
 "bitflags",
]

[[package]]
name = "redox_termios"
version = "0.1.1"
source = "registry+https://github.com/rust-lang/crates.io-index"
checksum = "7e891cfe48e9100a70a3b6eb652fef28920c117d366339687bd5576160db0f76"
dependencies = [
 "redox_syscall 0.1.37",
]

[[package]]
name = "redox_users"
version = "0.4.0"
source = "registry+https://github.com/rust-lang/crates.io-index"
checksum = "528532f3d801c87aec9def2add9ca802fe569e44a544afe633765267840abe64"
dependencies = [
 "getrandom",
 "redox_syscall 0.2.11",
]

[[package]]
name = "regex"
version = "0.2.5"
source = "registry+https://github.com/rust-lang/crates.io-index"
checksum = "744554e01ccbd98fff8c457c3b092cd67af62a555a43bfe97ae8a0451f7799fa"
dependencies = [
 "aho-corasick",
 "memchr",
 "regex-syntax",
 "thread_local",
 "utf8-ranges",
]

[[package]]
name = "regex-syntax"
version = "0.4.2"
source = "registry+https://github.com/rust-lang/crates.io-index"
checksum = "8e931c58b93d86f080c734bfd2bce7dd0079ae2331235818133c8be7f422e20e"

[[package]]
name = "rustc-demangle"
version = "0.1.5"
source = "registry+https://github.com/rust-lang/crates.io-index"
checksum = "aee45432acc62f7b9a108cc054142dac51f979e69e71ddce7d6fc7adf29e817e"

[[package]]
name = "serde"
version = "1.0.27"
source = "registry+https://github.com/rust-lang/crates.io-index"
checksum = "db99f3919e20faa51bb2996057f5031d8685019b5a06139b1ce761da671b8526"

[[package]]
name = "serde_derive"
version = "1.0.27"
source = "registry+https://github.com/rust-lang/crates.io-index"
checksum = "f4ba7591cfe93755e89eeecdbcc668885624829b020050e6aec99c2a03bd3fd0"
dependencies = [
 "quote",
 "serde_derive_internals",
 "syn",
]

[[package]]
name = "serde_derive_internals"
version = "0.19.0"
source = "registry+https://github.com/rust-lang/crates.io-index"
checksum = "6e03f1c9530c3fb0a0a5c9b826bdd9246a5921ae995d75f512ac917fc4dd55b5"
dependencies = [
 "syn",
 "synom",
]

[[package]]
name = "serde_json"
version = "1.0.9"
source = "registry+https://github.com/rust-lang/crates.io-index"
checksum = "c9db7266c7d63a4c4b7fe8719656ccdd51acf1bed6124b174f933b009fb10bcb"
dependencies = [
 "dtoa",
 "itoa",
 "num-traits",
 "serde",
]

[[package]]
name = "simplelog"
version = "0.4.4"
source = "registry+https://github.com/rust-lang/crates.io-index"
checksum = "24b615b1a3cc51ffa565d9a1d0cfcc49fe7d64737ada84eca284cddb0292d125"
dependencies = [
 "log 0.3.9",
 "term",
 "time",
]

[[package]]
name = "simplelog"
version = "0.5.0"
source = "registry+https://github.com/rust-lang/crates.io-index"
checksum = "1b0982c03fa49b24fdf9422d776c2d38b6cfa4b2073ad3d0848bcabcf5a704b9"
dependencies = [
 "chrono",
 "log 0.4.1",
 "term",
]

[[package]]
name = "strsim"
version = "0.6.0"
source = "registry+https://github.com/rust-lang/crates.io-index"
checksum = "b4d15c810519a91cf877e7e36e63fe068815c678181439f2f29e2562147c3694"

[[package]]
name = "syn"
version = "0.11.11"
source = "registry+https://github.com/rust-lang/crates.io-index"
checksum = "d3b891b9015c88c576343b9b3e41c2c11a51c219ef067b264bd9c8aa9b441dad"
dependencies = [
 "quote",
 "synom",
 "unicode-xid",
]

[[package]]
name = "synom"
version = "0.11.3"
source = "registry+https://github.com/rust-lang/crates.io-index"
checksum = "a393066ed9010ebaed60b9eafa373d4b1baac186dd7e008555b0f702b51945b6"
dependencies = [
 "unicode-xid",
]

[[package]]
name = "synstructure"
version = "0.6.1"
source = "registry+https://github.com/rust-lang/crates.io-index"
checksum = "3a761d12e6d8dcb4dcf952a7a89b475e3a9d69e4a69307e01a470977642914bd"
dependencies = [
 "quote",
 "syn",
]

[[package]]
name = "tendril"
version = "0.4.0"
source = "registry+https://github.com/rust-lang/crates.io-index"
checksum = "9de21546595a0873061940d994bbbc5c35f024ae4fd61ec5c5b159115684f508"
dependencies = [
 "futf",
 "mac",
 "utf-8",
]

[[package]]
name = "term"
version = "0.4.6"
source = "registry+https://github.com/rust-lang/crates.io-index"
checksum = "fa63644f74ce96fbeb9b794f66aff2a52d601cbd5e80f4b97123e3899f4570f1"
dependencies = [
 "kernel32-sys",
 "winapi 0.2.8",
]

[[package]]
name = "termcolor"
version = "0.3.4"
source = "registry+https://github.com/rust-lang/crates.io-index"
checksum = "73e83896da740a4541a6f21606b35f2aa4bada5b65d89dc61114bf9d6ff2dc7e"
dependencies = [
 "wincolor",
]

[[package]]
name = "termion"
version = "1.5.1"
source = "registry+https://github.com/rust-lang/crates.io-index"
checksum = "689a3bdfaab439fd92bc87df5c4c78417d3cbe537487274e9b0b2dce76e92096"
dependencies = [
 "libc",
 "redox_syscall 0.1.37",
 "redox_termios",
]

[[package]]
name = "textwrap"
version = "0.9.0"
source = "registry+https://github.com/rust-lang/crates.io-index"
checksum = "c0b59b6b4b44d867f1370ef1bd91bfb262bf07bf0ae65c202ea2fbc16153b693"
dependencies = [
 "unicode-width",
]

[[package]]
name = "thread-scoped"
version = "1.0.2"
source = "registry+https://github.com/rust-lang/crates.io-index"
checksum = "bcbb6aa301e5d3b0b5ef639c9a9c7e2f1c944f177b460c04dc24c69b1fa2bd99"

[[package]]
name = "thread_local"
version = "0.3.5"
source = "registry+https://github.com/rust-lang/crates.io-index"
checksum = "279ef31c19ededf577bfd12dfae728040a21f635b06a24cd670ff510edd38963"
dependencies = [
 "lazy_static",
 "unreachable 1.0.0",
]

[[package]]
name = "time"
version = "0.1.39"
source = "registry+https://github.com/rust-lang/crates.io-index"
checksum = "a15375f1df02096fb3317256ce2cee6a1f42fc84ea5ad5fc8c421cfe40c73098"
dependencies = [
 "libc",
 "redox_syscall 0.1.37",
 "winapi 0.3.4",
]

[[package]]
name = "unicode-width"
version = "0.1.4"
source = "registry+https://github.com/rust-lang/crates.io-index"
checksum = "bf3a113775714a22dcb774d8ea3655c53a32debae63a063acc00a91cc586245f"

[[package]]
name = "unicode-xid"
version = "0.0.4"
source = "registry+https://github.com/rust-lang/crates.io-index"
checksum = "8c1f860d7d29cf02cb2f3f359fd35991af3d30bac52c57d265a3c461074cb4dc"

[[package]]
name = "unreachable"
version = "0.1.1"
source = "registry+https://github.com/rust-lang/crates.io-index"
checksum = "1f2ae5ddb18e1c92664717616dd9549dde73f539f01bd7b77c2edb2446bdff91"
dependencies = [
 "void",
]

[[package]]
name = "unreachable"
version = "1.0.0"
source = "registry+https://github.com/rust-lang/crates.io-index"
checksum = "382810877fe448991dfc7f0dd6e3ae5d58088fd0ea5e35189655f84e6814fa56"
dependencies = [
 "void",
]

[[package]]
name = "utf-8"
version = "0.7.2"
source = "registry+https://github.com/rust-lang/crates.io-index"
checksum = "f1262dfab4c30d5cb7c07026be00ee343a6cf5027fdc0104a9160f354e5db75c"

[[package]]
name = "utf8-ranges"
version = "1.0.0"
source = "registry+https://github.com/rust-lang/crates.io-index"
checksum = "662fab6525a98beff2921d7f61a39e7d59e0b425ebc7d0d9e66d316e55124122"

[[package]]
name = "uuid"
version = "0.6.2"
source = "registry+https://github.com/rust-lang/crates.io-index"
checksum = "d4670e1e935f7edd193a413f802e2ee52274aed62a09ccaab1656515c9c53a66"
dependencies = [
 "cfg-if 0.1.2",
 "rand 0.4.2",
]

[[package]]
name = "vec_map"
version = "0.8.0"
source = "registry+https://github.com/rust-lang/crates.io-index"
checksum = "887b5b631c2ad01628bbbaa7dd4c869f80d3186688f8d0b6f58774fbe324988c"

[[package]]
name = "void"
version = "1.0.2"
source = "registry+https://github.com/rust-lang/crates.io-index"
checksum = "6a02e4885ed3bc0f2de90ea6dd45ebcbb66dacffe03547fadbb0eeae2770887d"

[[package]]
name = "wasi"
version = "0.10.2+wasi-snapshot-preview1"
source = "registry+https://github.com/rust-lang/crates.io-index"
checksum = "fd6fbd9a79829dd1ad0cc20627bf1ed606756a7f77edff7b66b7064f9cb327c6"

[[package]]
name = "winapi"
version = "0.2.8"
source = "registry+https://github.com/rust-lang/crates.io-index"
checksum = "167dc9d6949a9b857f3451275e911c3f44255842c1f7a76f33c55103a909087a"

[[package]]
name = "winapi"
version = "0.3.4"
source = "registry+https://github.com/rust-lang/crates.io-index"
checksum = "04e3bd221fcbe8a271359c04f21a76db7d0c6028862d1bb5512d85e1e2eb5bb3"
dependencies = [
 "winapi-i686-pc-windows-gnu",
 "winapi-x86_64-pc-windows-gnu",
]

[[package]]
name = "winapi-build"
version = "0.1.1"
source = "registry+https://github.com/rust-lang/crates.io-index"
checksum = "2d315eee3b34aca4797b2da6b13ed88266e6d612562a0c46390af8299fc699bc"

[[package]]
name = "winapi-i686-pc-windows-gnu"
version = "0.4.0"
source = "registry+https://github.com/rust-lang/crates.io-index"
checksum = "ac3b87c63620426dd9b991e5ce0329eff545bccbbb34f3be09ff6fb6ab51b7b6"

[[package]]
name = "winapi-x86_64-pc-windows-gnu"
version = "0.4.0"
source = "registry+https://github.com/rust-lang/crates.io-index"
checksum = "712e227841d057c1ee1cd2fb22fa7e5a5461ae8e48fa2ca79ec42cfc1931183f"

[[package]]
name = "wincolor"
version = "0.1.6"
source = "registry+https://github.com/rust-lang/crates.io-index"
checksum = "eeb06499a3a4d44302791052df005d5232b927ed1a9658146d842165c4de7767"
dependencies = [
 "winapi 0.3.4",
]
